{
  "name": "nemu-react",
  "version": "0.1.0",
  "lockfileVersion": 3,
  "requires": true,
  "packages": {
    "": {
      "name": "nemu-react",
      "version": "0.1.0",
      "dependencies": {
        "@quaqqer/nemu-wasm": "^0.1.0"
      }
    },
    "node_modules/@quaqqer/nemu-wasm": {
      "version": "0.1.0",
      "resolved": "https://registry.npmjs.org/@quaqqer/nemu-wasm/-/nemu-wasm-0.1.0.tgz",
      "integrity": "sha512-7DyXMlIxXbJqaSSX+A4kc20gV58n0oyOWj1DO/o5Lm5YBbyi/Ws4vrDa5PS6hs5RethgZ1kGJdhV5cncwMzGlA==",
      "license": "SEE LICENSE IN LICENSE.md"
    }
  }
}
